// !$*UTF8*$!
{
	archiveVersion = 1;
	classes = {
	};
	objectVersion = 56;
	objects = {

/* Begin PBXBuildFile section */
		9E854E63AAC9900187F88B42 /* Pods_HarryPotter.framework in Frameworks */ = {isa = PBXBuildFile; fileRef = DE1BB098ECB2970FDACEF141 /* Pods_HarryPotter.framework */; };
		FC780C2B2BCDCE5E008CC4CF /* HarryPotterDataModel.xcdatamodeld in Sources */ = {isa = PBXBuildFile; fileRef = FC780C292BCDCE5D008CC4CF /* HarryPotterDataModel.xcdatamodeld */; };
		FC780C332BCF216C008CC4CF /* FavoritosViewController.swift in Sources */ = {isa = PBXBuildFile; fileRef = FC780C322BCF216C008CC4CF /* FavoritosViewController.swift */; };
		FCBC9CD12BBF479C0060BDD1 /* AppDelegate.swift in Sources */ = {isa = PBXBuildFile; fileRef = FCBC9CD02BBF479C0060BDD1 /* AppDelegate.swift */; };
		FCBC9CD32BBF479C0060BDD1 /* SceneDelegate.swift in Sources */ = {isa = PBXBuildFile; fileRef = FCBC9CD22BBF479C0060BDD1 /* SceneDelegate.swift */; };
		FCBC9CD52BBF479C0060BDD1 /* HarryPotterViewController.swift in Sources */ = {isa = PBXBuildFile; fileRef = FCBC9CD42BBF479C0060BDD1 /* HarryPotterViewController.swift */; };
		FCBC9CD82BBF479C0060BDD1 /* Main.storyboard in Resources */ = {isa = PBXBuildFile; fileRef = FCBC9CD62BBF479C0060BDD1 /* Main.storyboard */; };
		FCBC9CDA2BBF479D0060BDD1 /* Assets.xcassets in Resources */ = {isa = PBXBuildFile; fileRef = FCBC9CD92BBF479D0060BDD1 /* Assets.xcassets */; };
		FCBC9CDD2BBF479D0060BDD1 /* LaunchScreen.storyboard in Resources */ = {isa = PBXBuildFile; fileRef = FCBC9CDB2BBF479D0060BDD1 /* LaunchScreen.storyboard */; };
		FCBC9CE52BBF4A560060BDD1 /* HarryPotterManager.swift in Sources */ = {isa = PBXBuildFile; fileRef = FCBC9CE42BBF4A560060BDD1 /* HarryPotterManager.swift */; };
		FCBC9CE72BBF4AB50060BDD1 /* DatosPersonaje.swift in Sources */ = {isa = PBXBuildFile; fileRef = FCBC9CE62BBF4AB50060BDD1 /* DatosPersonaje.swift */; };
		FCBC9CEA2BBF4EA10060BDD1 /* CeldaPersonajeTableViewCell.swift in Sources */ = {isa = PBXBuildFile; fileRef = FCBC9CE82BBF4EA10060BDD1 /* CeldaPersonajeTableViewCell.swift */; };
		FCBC9CEB2BBF4EA10060BDD1 /* CeldaPersonajeTableViewCell.xib in Resources */ = {isa = PBXBuildFile; fileRef = FCBC9CE92BBF4EA10060BDD1 /* CeldaPersonajeTableViewCell.xib */; };
		FCBC9CED2BC469440060BDD1 /* DetallePersonajeViewController.swift in Sources */ = {isa = PBXBuildFile; fileRef = FCBC9CEC2BC469440060BDD1 /* DetallePersonajeViewController.swift */; };
/* End PBXBuildFile section */

/* Begin PBXFileReference section */
		71247A6FD577006ABB9A01BA /* Pods-HarryPotter.release.xcconfig */ = {isa = PBXFileReference; includeInIndex = 1; lastKnownFileType = text.xcconfig; name = "Pods-HarryPotter.release.xcconfig"; path = "Target Support Files/Pods-HarryPotter/Pods-HarryPotter.release.xcconfig"; sourceTree = "<group>"; };
		9F5B7A39CDE106C21627FF4C /* Pods-HarryPotter.debug.xcconfig */ = {isa = PBXFileReference; includeInIndex = 1; lastKnownFileType = text.xcconfig; name = "Pods-HarryPotter.debug.xcconfig"; path = "Target Support Files/Pods-HarryPotter/Pods-HarryPotter.debug.xcconfig"; sourceTree = "<group>"; };
		DE1BB098ECB2970FDACEF141 /* Pods_HarryPotter.framework */ = {isa = PBXFileReference; explicitFileType = wrapper.framework; includeInIndex = 0; path = Pods_HarryPotter.framework; sourceTree = BUILT_PRODUCTS_DIR; };
		FC780C2A2BCDCE5D008CC4CF /* dataModel.xcdatamodel */ = {isa = PBXFileReference; lastKnownFileType = wrapper.xcdatamodel; path = dataModel.xcdatamodel; sourceTree = "<group>"; };
		FC780C322BCF216C008CC4CF /* FavoritosViewController.swift */ = {isa = PBXFileReference; lastKnownFileType = sourcecode.swift; path = FavoritosViewController.swift; sourceTree = "<group>"; };
		FCBC9CCD2BBF479C0060BDD1 /* HarryPotter.app */ = {isa = PBXFileReference; explicitFileType = wrapper.application; includeInIndex = 0; path = HarryPotter.app; sourceTree = BUILT_PRODUCTS_DIR; };
		FCBC9CD02BBF479C0060BDD1 /* AppDelegate.swift */ = {isa = PBXFileReference; lastKnownFileType = sourcecode.swift; path = AppDelegate.swift; sourceTree = "<group>"; };
		FCBC9CD22BBF479C0060BDD1 /* SceneDelegate.swift */ = {isa = PBXFileReference; lastKnownFileType = sourcecode.swift; path = SceneDelegate.swift; sourceTree = "<group>"; };
		FCBC9CD42BBF479C0060BDD1 /* HarryPotterViewController.swift */ = {isa = PBXFileReference; lastKnownFileType = sourcecode.swift; path = HarryPotterViewController.swift; sourceTree = "<group>"; };
		FCBC9CD72BBF479C0060BDD1 /* Base */ = {isa = PBXFileReference; lastKnownFileType = file.storyboard; name = Base; path = Base.lproj/Main.storyboard; sourceTree = "<group>"; };
		FCBC9CD92BBF479D0060BDD1 /* Assets.xcassets */ = {isa = PBXFileReference; lastKnownFileType = folder.assetcatalog; path = Assets.xcassets; sourceTree = "<group>"; };
		FCBC9CDC2BBF479D0060BDD1 /* Base */ = {isa = PBXFileReference; lastKnownFileType = file.storyboard; name = Base; path = Base.lproj/LaunchScreen.storyboard; sourceTree = "<group>"; };
		FCBC9CDE2BBF479D0060BDD1 /* Info.plist */ = {isa = PBXFileReference; lastKnownFileType = text.plist.xml; path = Info.plist; sourceTree = "<group>"; };
		FCBC9CE42BBF4A560060BDD1 /* HarryPotterManager.swift */ = {isa = PBXFileReference; lastKnownFileType = sourcecode.swift; path = HarryPotterManager.swift; sourceTree = "<group>"; };
		FCBC9CE62BBF4AB50060BDD1 /* DatosPersonaje.swift */ = {isa = PBXFileReference; lastKnownFileType = sourcecode.swift; path = DatosPersonaje.swift; sourceTree = "<group>"; };
		FCBC9CE82BBF4EA10060BDD1 /* CeldaPersonajeTableViewCell.swift */ = {isa = PBXFileReference; lastKnownFileType = sourcecode.swift; path = CeldaPersonajeTableViewCell.swift; sourceTree = "<group>"; };
		FCBC9CE92BBF4EA10060BDD1 /* CeldaPersonajeTableViewCell.xib */ = {isa = PBXFileReference; lastKnownFileType = file.xib; path = CeldaPersonajeTableViewCell.xib; sourceTree = "<group>"; };
		FCBC9CEC2BC469440060BDD1 /* DetallePersonajeViewController.swift */ = {isa = PBXFileReference; lastKnownFileType = sourcecode.swift; path = DetallePersonajeViewController.swift; sourceTree = "<group>"; };
/* End PBXFileReference section */

/* Begin PBXFrameworksBuildPhase section */
		FCBC9CCA2BBF479C0060BDD1 /* Frameworks */ = {
			isa = PBXFrameworksBuildPhase;
			buildActionMask = 2147483647;
			files = (
				9E854E63AAC9900187F88B42 /* Pods_HarryPotter.framework in Frameworks */,
			);
			runOnlyForDeploymentPostprocessing = 0;
		};
/* End PBXFrameworksBuildPhase section */

/* Begin PBXGroup section */
		34354705E9F1C7030D27001A /* Pods */ = {
			isa = PBXGroup;
			children = (
				9F5B7A39CDE106C21627FF4C /* Pods-HarryPotter.debug.xcconfig */,
				71247A6FD577006ABB9A01BA /* Pods-HarryPotter.release.xcconfig */,
			);
			path = Pods;
			sourceTree = "<group>";
		};
		D3ACE534B4E5D39DF163EE9E /* Frameworks */ = {
			isa = PBXGroup;
			children = (
				DE1BB098ECB2970FDACEF141 /* Pods_HarryPotter.framework */,
			);
			name = Frameworks;
			sourceTree = "<group>";
		};
		FCBC9CC42BBF479C0060BDD1 = {
			isa = PBXGroup;
			children = (
				FCBC9CCF2BBF479C0060BDD1 /* HarryPotter */,
				FCBC9CCE2BBF479C0060BDD1 /* Products */,
				34354705E9F1C7030D27001A /* Pods */,
				D3ACE534B4E5D39DF163EE9E /* Frameworks */,
			);
			sourceTree = "<group>";
		};
		FCBC9CCE2BBF479C0060BDD1 /* Products */ = {
			isa = PBXGroup;
			children = (
				FCBC9CCD2BBF479C0060BDD1 /* HarryPotter.app */,
			);
			name = Products;
			sourceTree = "<group>";
		};
		FCBC9CCF2BBF479C0060BDD1 /* HarryPotter */ = {
			isa = PBXGroup;
			children = (
				FCBC9CD02BBF479C0060BDD1 /* AppDelegate.swift */,
				FCBC9CD22BBF479C0060BDD1 /* SceneDelegate.swift */,
				FCBC9CD42BBF479C0060BDD1 /* HarryPotterViewController.swift */,
				FC780C322BCF216C008CC4CF /* FavoritosViewController.swift */,
				FCBC9CD62BBF479C0060BDD1 /* Main.storyboard */,
				FCBC9CD92BBF479D0060BDD1 /* Assets.xcassets */,
				FCBC9CDB2BBF479D0060BDD1 /* LaunchScreen.storyboard */,
				FCBC9CDE2BBF479D0060BDD1 /* Info.plist */,
				FCBC9CE42BBF4A560060BDD1 /* HarryPotterManager.swift */,
				FCBC9CE62BBF4AB50060BDD1 /* DatosPersonaje.swift */,
				FCBC9CE82BBF4EA10060BDD1 /* CeldaPersonajeTableViewCell.swift */,
				FCBC9CE92BBF4EA10060BDD1 /* CeldaPersonajeTableViewCell.xib */,
				FCBC9CEC2BC469440060BDD1 /* DetallePersonajeViewController.swift */,
				FC780C292BCDCE5D008CC4CF /* HarryPotterDataModel.xcdatamodeld */,
			);
			path = HarryPotter;
			sourceTree = "<group>";
		};
/* End PBXGroup section */

/* Begin PBXNativeTarget section */
		FCBC9CCC2BBF479C0060BDD1 /* HarryPotter */ = {
			isa = PBXNativeTarget;
			buildConfigurationList = FCBC9CE12BBF479D0060BDD1 /* Build configuration list for PBXNativeTarget "HarryPotter" */;
			buildPhases = (
				134B547262197FB6D8AC3399 /* [CP] Check Pods Manifest.lock */,
				FCBC9CC92BBF479C0060BDD1 /* Sources */,
				FCBC9CCA2BBF479C0060BDD1 /* Frameworks */,
				FCBC9CCB2BBF479C0060BDD1 /* Resources */,
				EC759F00289B1219481FC059 /* [CP] Embed Pods Frameworks */,
			);
			buildRules = (
			);
			dependencies = (
			);
			name = HarryPotter;
			productName = HarryPotter;
			productReference = FCBC9CCD2BBF479C0060BDD1 /* HarryPotter.app */;
			productType = "com.apple.product-type.application";
		};
/* End PBXNativeTarget section */

/* Begin PBXProject section */
		FCBC9CC52BBF479C0060BDD1 /* Project object */ = {
			isa = PBXProject;
			attributes = {
				BuildIndependentTargetsInParallel = 1;
				LastSwiftUpdateCheck = 1520;
				LastUpgradeCheck = 1520;
				TargetAttributes = {
					FCBC9CCC2BBF479C0060BDD1 = {
						CreatedOnToolsVersion = 15.2;
					};
				};
			};
			buildConfigurationList = FCBC9CC82BBF479C0060BDD1 /* Build configuration list for PBXProject "HarryPotter" */;
			compatibilityVersion = "Xcode 14.0";
			developmentRegion = en;
			hasScannedForEncodings = 0;
			knownRegions = (
				en,
				Base,
			);
			mainGroup = FCBC9CC42BBF479C0060BDD1;
			productRefGroup = FCBC9CCE2BBF479C0060BDD1 /* Products */;
			projectDirPath = "";
			projectRoot = "";
			targets = (
				FCBC9CCC2BBF479C0060BDD1 /* HarryPotter */,
			);
		};
/* End PBXProject section */

/* Begin PBXResourcesBuildPhase section */
		FCBC9CCB2BBF479C0060BDD1 /* Resources */ = {
			isa = PBXResourcesBuildPhase;
			buildActionMask = 2147483647;
			files = (
				FCBC9CDD2BBF479D0060BDD1 /* LaunchScreen.storyboard in Resources */,
				FCBC9CDA2BBF479D0060BDD1 /* Assets.xcassets in Resources */,
				FCBC9CD82BBF479C0060BDD1 /* Main.storyboard in Resources */,
				FCBC9CEB2BBF4EA10060BDD1 /* CeldaPersonajeTableViewCell.xib in Resources */,
			);
			runOnlyForDeploymentPostprocessing = 0;
		};
/* End PBXResourcesBuildPhase section */

/* Begin PBXShellScriptBuildPhase section */
		134B547262197FB6D8AC3399 /* [CP] Check Pods Manifest.lock */ = {
			isa = PBXShellScriptBuildPhase;
			buildActionMask = 2147483647;
			files = (
			);
			inputFileListPaths = (
			);
			inputPaths = (
				"${PODS_PODFILE_DIR_PATH}/Podfile.lock",
				"${PODS_ROOT}/Manifest.lock",
			);
			name = "[CP] Check Pods Manifest.lock";
			outputFileListPaths = (
			);
			outputPaths = (
				"$(DERIVED_FILE_DIR)/Pods-HarryPotter-checkManifestLockResult.txt",
			);
			runOnlyForDeploymentPostprocessing = 0;
			shellPath = /bin/sh;
			shellScript = "diff \"${PODS_PODFILE_DIR_PATH}/Podfile.lock\" \"${PODS_ROOT}/Manifest.lock\" > /dev/null\nif [ $? != 0 ] ; then\n    # print error to STDERR\n    echo \"error: The sandbox is not in sync with the Podfile.lock. Run 'pod install' or update your CocoaPods installation.\" >&2\n    exit 1\nfi\n# This output is used by Xcode 'outputs' to avoid re-running this script phase.\necho \"SUCCESS\" > \"${SCRIPT_OUTPUT_FILE_0}\"\n";
			showEnvVarsInLog = 0;
		};
		EC759F00289B1219481FC059 /* [CP] Embed Pods Frameworks */ = {
			isa = PBXShellScriptBuildPhase;
			buildActionMask = 2147483647;
			files = (
			);
			inputFileListPaths = (
				"${PODS_ROOT}/Target Support Files/Pods-HarryPotter/Pods-HarryPotter-frameworks-${CONFIGURATION}-input-files.xcfilelist",
			);
			name = "[CP] Embed Pods Frameworks";
			outputFileListPaths = (
				"${PODS_ROOT}/Target Support Files/Pods-HarryPotter/Pods-HarryPotter-frameworks-${CONFIGURATION}-output-files.xcfilelist",
			);
			runOnlyForDeploymentPostprocessing = 0;
			shellPath = /bin/sh;
			shellScript = "\"${PODS_ROOT}/Target Support Files/Pods-HarryPotter/Pods-HarryPotter-frameworks.sh\"\n";
			showEnvVarsInLog = 0;
		};
/* End PBXShellScriptBuildPhase section */

/* Begin PBXSourcesBuildPhase section */
		FCBC9CC92BBF479C0060BDD1 /* Sources */ = {
			isa = PBXSourcesBuildPhase;
			buildActionMask = 2147483647;
			files = (
				FCBC9CE72BBF4AB50060BDD1 /* DatosPersonaje.swift in Sources */,
				FC780C2B2BCDCE5E008CC4CF /* HarryPotterDataModel.xcdatamodeld in Sources */,
				FCBC9CEA2BBF4EA10060BDD1 /* CeldaPersonajeTableViewCell.swift in Sources */,
				FCBC9CD52BBF479C0060BDD1 /* HarryPotterViewController.swift in Sources */,
				FCBC9CD12BBF479C0060BDD1 /* AppDelegate.swift in Sources */,
				FCBC9CE52BBF4A560060BDD1 /* HarryPotterManager.swift in Sources */,
				FCBC9CD32BBF479C0060BDD1 /* SceneDelegate.swift in Sources */,
				FCBC9CED2BC469440060BDD1 /* DetallePersonajeViewController.swift in Sources */,
				FC780C332BCF216C008CC4CF /* FavoritosViewController.swift in Sources */,
			);
			runOnlyForDeploymentPostprocessing = 0;
		};
/* End PBXSourcesBuildPhase section */

/* Begin PBXVariantGroup section */
		FCBC9CD62BBF479C0060BDD1 /* Main.storyboard */ = {
			isa = PBXVariantGroup;
			children = (
				FCBC9CD72BBF479C0060BDD1 /* Base */,
			);
			name = Main.storyboard;
			sourceTree = "<group>";
		};
		FCBC9CDB2BBF479D0060BDD1 /* LaunchScreen.storyboard */ = {
			isa = PBXVariantGroup;
			children = (
				FCBC9CDC2BBF479D0060BDD1 /* Base */,
			);
			name = LaunchScreen.storyboard;
			sourceTree = "<group>";
		};
/* End PBXVariantGroup section */

/* Begin XCBuildConfiguration section */
		FCBC9CDF2BBF479D0060BDD1 /* Debug */ = {
			isa = XCBuildConfiguration;
			buildSettings = {
				ALWAYS_SEARCH_USER_PATHS = NO;
				ASSETCATALOG_COMPILER_GENERATE_SWIFT_ASSET_SYMBOL_EXTENSIONS = YES;
				CLANG_ANALYZER_NONNULL = YES;
				CLANG_ANALYZER_NUMBER_OBJECT_CONVERSION = YES_AGGRESSIVE;
				CLANG_CXX_LANGUAGE_STANDARD = "gnu++20";
				CLANG_ENABLE_MODULES = YES;
				CLANG_ENABLE_OBJC_ARC = YES;
				CLANG_ENABLE_OBJC_WEAK = YES;
				CLANG_WARN_BLOCK_CAPTURE_AUTORELEASING = YES;
				CLANG_WARN_BOOL_CONVERSION = YES;
				CLANG_WARN_COMMA = YES;
				CLANG_WARN_CONSTANT_CONVERSION = YES;
				CLANG_WARN_DEPRECATED_OBJC_IMPLEMENTATIONS = YES;
				CLANG_WARN_DIRECT_OBJC_ISA_USAGE = YES_ERROR;
				CLANG_WARN_DOCUMENTATION_COMMENTS = YES;
				CLANG_WARN_EMPTY_BODY = YES;
				CLANG_WARN_ENUM_CONVERSION = YES;
				CLANG_WARN_INFINITE_RECURSION = YES;
				CLANG_WARN_INT_CONVERSION = YES;
				CLANG_WARN_NON_LITERAL_NULL_CONVERSION = YES;
				CLANG_WARN_OBJC_IMPLICIT_RETAIN_SELF = YES;
				CLANG_WARN_OBJC_LITERAL_CONVERSION = YES;
				CLANG_WARN_OBJC_ROOT_CLASS = YES_ERROR;
				CLANG_WARN_QUOTED_INCLUDE_IN_FRAMEWORK_HEADER = YES;
				CLANG_WARN_RANGE_LOOP_ANALYSIS = YES;
				CLANG_WARN_STRICT_PROTOTYPES = YES;
				CLANG_WARN_SUSPICIOUS_MOVE = YES;
				CLANG_WARN_UNGUARDED_AVAILABILITY = YES_AGGRESSIVE;
				CLANG_WARN_UNREACHABLE_CODE = YES;
				CLANG_WARN__DUPLICATE_METHOD_MATCH = YES;
				COPY_PHASE_STRIP = NO;
				DEBUG_INFORMATION_FORMAT = dwarf;
				ENABLE_STRICT_OBJC_MSGSEND = YES;
				ENABLE_TESTABILITY = YES;
				ENABLE_USER_SCRIPT_SANDBOXING = NO;
				GCC_C_LANGUAGE_STANDARD = gnu17;
				GCC_DYNAMIC_NO_PIC = NO;
				GCC_NO_COMMON_BLOCKS = YES;
				GCC_OPTIMIZATION_LEVEL = 0;
				GCC_PREPROCESSOR_DEFINITIONS = (
					"DEBUG=1",
					"$(inherited)",
				);
				GCC_WARN_64_TO_32_BIT_CONVERSION = YES;
				GCC_WARN_ABOUT_RETURN_TYPE = YES_ERROR;
				GCC_WARN_UNDECLARED_SELECTOR = YES;
				GCC_WARN_UNINITIALIZED_AUTOS = YES_AGGRESSIVE;
				GCC_WARN_UNUSED_FUNCTION = YES;
				GCC_WARN_UNUSED_VARIABLE = YES;
				IPHONEOS_DEPLOYMENT_TARGET = 17.2;
				LOCALIZATION_PREFERS_STRING_CATALOGS = YES;
				MTL_ENABLE_DEBUG_INFO = INCLUDE_SOURCE;
				MTL_FAST_MATH = YES;
				ONLY_ACTIVE_ARCH = YES;
				SDKROOT = iphoneos;
				SWIFT_ACTIVE_COMPILATION_CONDITIONS = "DEBUG $(inherited)";
				SWIFT_OPTIMIZATION_LEVEL = "-Onone";
			};
			name = Debug;
		};
		FCBC9CE02BBF479D0060BDD1 /* Release */ = {
			isa = XCBuildConfiguration;
			buildSettings = {
				ALWAYS_SEARCH_USER_PATHS = NO;
				ASSETCATALOG_COMPILER_GENERATE_SWIFT_ASSET_SYMBOL_EXTENSIONS = YES;
				CLANG_ANALYZER_NONNULL = YES;
				CLANG_ANALYZER_NUMBER_OBJECT_CONVERSION = YES_AGGRESSIVE;
				CLANG_CXX_LANGUAGE_STANDARD = "gnu++20";
				CLANG_ENABLE_MODULES = YES;
				CLANG_ENABLE_OBJC_ARC = YES;
				CLANG_ENABLE_OBJC_WEAK = YES;
				CLANG_WARN_BLOCK_CAPTURE_AUTORELEASING = YES;
				CLANG_WARN_BOOL_CONVERSION = YES;
				CLANG_WARN_COMMA = YES;
				CLANG_WARN_CONSTANT_CONVERSION = YES;
				CLANG_WARN_DEPRECATED_OBJC_IMPLEMENTATIONS = YES;
				CLANG_WARN_DIRECT_OBJC_ISA_USAGE = YES_ERROR;
				CLANG_WARN_DOCUMENTATION_COMMENTS = YES;
				CLANG_WARN_EMPTY_BODY = YES;
				CLANG_WARN_ENUM_CONVERSION = YES;
				CLANG_WARN_INFINITE_RECURSION = YES;
				CLANG_WARN_INT_CONVERSION = YES;
				CLANG_WARN_NON_LITERAL_NULL_CONVERSION = YES;
				CLANG_WARN_OBJC_IMPLICIT_RETAIN_SELF = YES;
				CLANG_WARN_OBJC_LITERAL_CONVERSION = YES;
				CLANG_WARN_OBJC_ROOT_CLASS = YES_ERROR;
				CLANG_WARN_QUOTED_INCLUDE_IN_FRAMEWORK_HEADER = YES;
				CLANG_WARN_RANGE_LOOP_ANALYSIS = YES;
				CLANG_WARN_STRICT_PROTOTYPES = YES;
				CLANG_WARN_SUSPICIOUS_MOVE = YES;
				CLANG_WARN_UNGUARDED_AVAILABILITY = YES_AGGRESSIVE;
				CLANG_WARN_UNREACHABLE_CODE = YES;
				CLANG_WARN__DUPLICATE_METHOD_MATCH = YES;
				COPY_PHASE_STRIP = NO;
				DEBUG_INFORMATION_FORMAT = "dwarf-with-dsym";
				ENABLE_NS_ASSERTIONS = NO;
				ENABLE_STRICT_OBJC_MSGSEND = YES;
				ENABLE_USER_SCRIPT_SANDBOXING = NO;
				GCC_C_LANGUAGE_STANDARD = gnu17;
				GCC_NO_COMMON_BLOCKS = YES;
				GCC_WARN_64_TO_32_BIT_CONVERSION = YES;
				GCC_WARN_ABOUT_RETURN_TYPE = YES_ERROR;
				GCC_WARN_UNDECLARED_SELECTOR = YES;
				GCC_WARN_UNINITIALIZED_AUTOS = YES_AGGRESSIVE;
				GCC_WARN_UNUSED_FUNCTION = YES;
				GCC_WARN_UNUSED_VARIABLE = YES;
				IPHONEOS_DEPLOYMENT_TARGET = 17.2;
				LOCALIZATION_PREFERS_STRING_CATALOGS = YES;
				MTL_ENABLE_DEBUG_INFO = NO;
				MTL_FAST_MATH = YES;
				SDKROOT = iphoneos;
				SWIFT_COMPILATION_MODE = wholemodule;
				VALIDATE_PRODUCT = YES;
			};
			name = Release;
		};
		FCBC9CE22BBF479D0060BDD1 /* Debug */ = {
			isa = XCBuildConfiguration;
			baseConfigurationReference = 9F5B7A39CDE106C21627FF4C /* Pods-HarryPotter.debug.xcconfig */;
			buildSettings = {
				ASSETCATALOG_COMPILER_APPICON_NAME = AppIcon;
				ASSETCATALOG_COMPILER_GLOBAL_ACCENT_COLOR_NAME = AccentColor;
				CODE_SIGN_STYLE = Automatic;
				CURRENT_PROJECT_VERSION = 1;
				DEVELOPMENT_TEAM = RTP3BVY32M;
				GENERATE_INFOPLIST_FILE = YES;
				INFOPLIST_FILE = HarryPotter/Info.plist;
				INFOPLIST_KEY_UIApplicationSupportsIndirectInputEvents = YES;
				INFOPLIST_KEY_UILaunchStoryboardName = LaunchScreen;
				INFOPLIST_KEY_UIMainStoryboardFile = Main;
				INFOPLIST_KEY_UISupportedInterfaceOrientations_iPad = "UIInterfaceOrientationPortrait UIInterfaceOrientationPortraitUpsideDown UIInterfaceOrientationLandscapeLeft UIInterfaceOrientationLandscapeRight";
				INFOPLIST_KEY_UISupportedInterfaceOrientations_iPhone = "UIInterfaceOrientationPortrait UIInterfaceOrientationLandscapeLeft UIInterfaceOrientationLandscapeRight";
				LD_RUNPATH_SEARCH_PATHS = (
					"$(inherited)",
					"@executable_path/Frameworks",
				);
				MARKETING_VERSION = 1.0;
				PRODUCT_BUNDLE_IDENTIFIER = es.upsa.mimo.HarryPotter;
				PRODUCT_NAME = "$(TARGET_NAME)";
				SWIFT_EMIT_LOC_STRINGS = YES;
				SWIFT_VERSION = 5.0;
				TARGETED_DEVICE_FAMILY = "1,2";
			};
			name = Debug;
		};
		FCBC9CE32BBF479D0060BDD1 /* Release */ = {
			isa = XCBuildConfiguration;
			baseConfigurationReference = 71247A6FD577006ABB9A01BA /* Pods-HarryPotter.release.xcconfig */;
			buildSettings = {
				ASSETCATALOG_COMPILER_APPICON_NAME = AppIcon;
				ASSETCATALOG_COMPILER_GLOBAL_ACCENT_COLOR_NAME = AccentColor;
				CODE_SIGN_STYLE = Automatic;
				CURRENT_PROJECT_VERSION = 1;
				DEVELOPMENT_TEAM = RTP3BVY32M;
				GENERATE_INFOPLIST_FILE = YES;
				INFOPLIST_FILE = HarryPotter/Info.plist;
				INFOPLIST_KEY_UIApplicationSupportsIndirectInputEvents = YES;
				INFOPLIST_KEY_UILaunchStoryboardName = LaunchScreen;
				INFOPLIST_KEY_UIMainStoryboardFile = Main;
				INFOPLIST_KEY_UISupportedInterfaceOrientations_iPad = "UIInterfaceOrientationPortrait UIInterfaceOrientationPortraitUpsideDown UIInterfaceOrientationLandscapeLeft UIInterfaceOrientationLandscapeRight";
				INFOPLIST_KEY_UISupportedInterfaceOrientations_iPhone = "UIInterfaceOrientationPortrait UIInterfaceOrientationLandscapeLeft UIInterfaceOrientationLandscapeRight";
				LD_RUNPATH_SEARCH_PATHS = (
					"$(inherited)",
					"@executable_path/Frameworks",
				);
				MARKETING_VERSION = 1.0;
				PRODUCT_BUNDLE_IDENTIFIER = es.upsa.mimo.HarryPotter;
				PRODUCT_NAME = "$(TARGET_NAME)";
				SWIFT_EMIT_LOC_STRINGS = YES;
				SWIFT_VERSION = 5.0;
				TARGETED_DEVICE_FAMILY = "1,2";
			};
			name = Release;
		};
/* End XCBuildConfiguration section */

/* Begin XCConfigurationList section */
		FCBC9CC82BBF479C0060BDD1 /* Build configuration list for PBXProject "HarryPotter" */ = {
			isa = XCConfigurationList;
			buildConfigurations = (
				FCBC9CDF2BBF479D0060BDD1 /* Debug */,
				FCBC9CE02BBF479D0060BDD1 /* Release */,
			);
			defaultConfigurationIsVisible = 0;
			defaultConfigurationName = Release;
		};
		FCBC9CE12BBF479D0060BDD1 /* Build configuration list for PBXNativeTarget "HarryPotter" */ = {
			isa = XCConfigurationList;
			buildConfigurations = (
				FCBC9CE22BBF479D0060BDD1 /* Debug */,
				FCBC9CE32BBF479D0060BDD1 /* Release */,
			);
			defaultConfigurationIsVisible = 0;
			defaultConfigurationName = Release;
		};
/* End XCConfigurationList section */

/* Begin XCVersionGroup section */
		FC780C292BCDCE5D008CC4CF /* HarryPotterDataModel.xcdatamodeld */ = {
			isa = XCVersionGroup;
			children = (
				FC780C2A2BCDCE5D008CC4CF /* dataModel.xcdatamodel */,
			);
			currentVersion = FC780C2A2BCDCE5D008CC4CF /* dataModel.xcdatamodel */;
			path = HarryPotterDataModel.xcdatamodeld;
			sourceTree = "<group>";
			versionGroupType = wrapper.xcdatamodel;
		};
/* End XCVersionGroup section */
	};
	rootObject = FCBC9CC52BBF479C0060BDD1 /* Project object */;
}
